# THIS IS AN AUTOGENERATED FILE. DO NOT EDIT THIS FILE DIRECTLY.
# yarn lockfile v1


"@esbuild/darwin-arm64@0.25.12":
  version "0.25.12"
  resolved "https://registry.npmjs.org/@esbuild/darwin-arm64/-/darwin-arm64-0.25.12.tgz"
  integrity sha512-N3zl+lxHCifgIlcMUP5016ESkeQjLj/959RxxNYIthIg+CQHInujFuXeWbWMgnTo4cp5XVHqFPmpyu9J65C1Yg==

"@esbuild/darwin-x64@0.25.12":
  version "0.25.12"
  resolved "https://registry.npmjs.org/@esbuild/darwin-x64/-/darwin-x64-0.25.12.tgz"
  integrity sha512-HQ9ka4Kx21qHXwtlTUVbKJOAnmG1ipXhdWTmNXiPzPfWKpXqASVcWdnf2bnL73wgjNrFXAa3yYvBSd9pzfEIpA==

"@rollup/rollup-darwin-arm64@4.61.1":
  version "4.61.1"
  resolved "https://registry.npmjs.org/@rollup/rollup-darwin-arm64/-/rollup-darwin-arm64-4.61.1.tgz"
  integrity sha512-0F1L/Z3Eqv8mT2n3dCpeO8GcTvHvVqkP5/t6DMsn0KzhYVcg+s7Ncl5DS8qjKYEeio6Az0Gt6nyBORay5qIlCA==

"@rollup/rollup-darwin-x64@4.61.1":
  version "4.61.1"
  resolved "https://registry.npmjs.org/@rollup/rollup-darwin-x64/-/rollup-darwin-x64-4.61.1.tgz"
  integrity sha512-qLttcH871ujY4YcVfUSShhOw+CsoTatYz8gRbHO7Bb92QH059/P0y5do1KMs41fY0BpD2x4AJH/gID0zFiqVKQ==

"@types/estree@1.0.9":
  version "1.0.9"
  resolved "https://registry.npmjs.org/@types/estree/-/estree-1.0.9.tgz"
  integrity sha512-GhdPgy1el4/ImP05X05Uw4cw2/M93BCUmnEvWZNStlCzEKME4Fkk+YpoA5OiHNQmoS7Cafb8Xa3Pya8m1Qrzeg==

esbuild@^0.25.0:
  version "0.25.12"
  resolved "https://registry.npmjs.org/esbuild/-/esbuild-0.25.12.tgz"
  integrity sha512-bbPBYYrtZbkt6Os6FiTLCTFxvq4tt3JKall1vRwshA3fdVztsLAatFaZobhkBC8/BrPetoa0oksYoKXoG4ryJg==
  optionalDependencies:
    "@esbuild/aix-ppc64" "0.25.12"
    "@esbuild/android-arm" "0.25.12"
    "@esbuild/android-arm64" "0.25.12"
    "@esbuild/android-x64" "0.25.12"
    "@esbuild/darwin-arm64" "0.25.12"
    "@esbuild/darwin-x64" "0.25.12"
    "@esbuild/freebsd-arm64" "0.25.12"
    "@esbuild/freebsd-x64" "0.25.12"
    "@esbuild/linux-arm" "0.25.12"
    "@esbuild/linux-arm64" "0.25.12"
    "@esbuild/linux-ia32" "0.25.12"
    "@esbuild/linux-loong64" "0.25.12"
    "@esbuild/linux-mips64el" "0.25.12"
    "@esbuild/linux-ppc64" "0.25.12"
    "@esbuild/linux-riscv64" "0.25.12"
    "@esbuild/linux-s390x" "0.25.12"
    "@esbuild/linux-x64" "0.25.12"
    "@esbuild/netbsd-arm64" "0.25.12"
    "@esbuild/netbsd-x64" "0.25.12"
    "@esbuild/openbsd-arm64" "0.25.12"
    "@esbuild/openbsd-x64" "0.25.12"
    "@esbuild/openharmony-arm64" "0.25.12"
    "@esbuild/sunos-x64" "0.25.12"
    "@esbuild/win32-arm64" "0.25.12"
    "@esbuild/win32-ia32" "0.25.12"
    "@esbuild/win32-x64" "0.25.12"

fdir@^6.4.4, fdir@^6.5.0:
  version "6.5.0"
  resolved "https://registry.npmjs.org/fdir/-/fdir-6.5.0.tgz"
  integrity sha512-tIbYtZbucOs0BRGqPJkshJUYdL+SDH7dVM8gjy+ERp3WAUjLEFJE+02kanyHtwjWOnwrKYBiwAmM0p4kLJAnXg==

fsevents@~2.3.2, fsevents@~2.3.3:
  version "2.3.3"
  resolved "https://registry.npmjs.org/fsevents/-/fsevents-2.3.3.tgz"
  integrity sha512-5xoDfX+fL7faATnagmWPpbFtwh/R77WmMMqqHGS65C3vvB0YHrgF+B1YmZ3441tMj5n63k0212XNoJwzlhffQw==

nanoid@^3.3.12:
  version "3.3.12"
  resolved "https://registry.npmjs.org/nanoid/-/nanoid-3.3.12.tgz"
  integrity sha512-ZB9RH/39qpq5Vu6Y+NmUaFhQR6pp+M2Xt76XBnEwDaGcVAqhlvxrl3B2bKS5D3NH3QR76v3aSrKaF/Kiy7lEtQ==

picocolors@^1.1.1:
  version "1.1.1"
  resolved "https://registry.npmjs.org/picocolors/-/picocolors-1.1.1.tgz"
  integrity sha512-xceH2snhtb5M9liqDsmEw56le376mTZkEX/jEb/RxNFyegNul7eNslCXP9FDj/Lcu0X8KEyMceP2ntpaHrDEVA==

picomatch@^4.0.2, picomatch@^4.0.4:
  version "4.0.4"
  resolved "https://registry.npmjs.org/picomatch/-/picomatch-4.0.4.tgz"
  integrity sha512-QP88BAKvMam/3NxH6vj2o21R6MjxZUAd6nlwAS/pnGvN9IVLocLHxGYIzFhg6fUQ+5th6P4dv4eW9jX3DSIj7A==

postcss@^8.5.3:
  version "8.5.15"
  resolved "https://registry.npmjs.org/postcss/-/postcss-8.5.15.tgz"
  integrity sha512-FfR8sjd4em2T6fb3I2MwAJU7HWVMr9zba+enmQeeWFfCbm+UOC/0X4DS8XtpUTMwWMGbjKYP7xjfNekzyGmB3A==
  dependencies:
    nanoid "^3.3.12"
    picocolors "^1.1.1"
    source-map-js "^1.2.1"

rollup@^4.34.9:
  version "4.61.1"
  resolved "https://registry.npmjs.org/rollup/-/rollup-4.61.1.tgz"
  integrity sha512-I4KW6iuRpuu2uHBLraZ1wNZe0DP7lnRha+VJ9tNaYVaVgKhW0aI3h4RYnoRPeql0flHm/Co55b7snEDcOfOJrA==
  dependencies:
    "@types/estree" "1.0.9"
  optionalDependencies:
    "@rollup/rollup-android-arm-eabi" "4.61.1"
    "@rollup/rollup-android-arm64" "4.61.1"
    "@rollup/rollup-darwin-arm64" "4.61.1"
    "@rollup/rollup-darwin-x64" "4.61.1"
    "@rollup/rollup-freebsd-arm64" "4.61.1"
    "@rollup/rollup-freebsd-x64" "4.61.1"
    "@rollup/rollup-linux-arm-gnueabihf" "4.61.1"
    "@rollup/rollup-linux-arm-musleabihf" "4.61.1"
    "@rollup/rollup-linux-arm64-gnu" "4.61.1"
    "@rollup/rollup-linux-arm64-musl" "4.61.1"
    "@rollup/rollup-linux-loong64-gnu" "4.61.1"
    "@rollup/rollup-linux-loong64-musl" "4.61.1"
    "@rollup/rollup-linux-ppc64-gnu" "4.61.1"
    "@rollup/rollup-linux-ppc64-musl" "4.61.1"
    "@rollup/rollup-linux-riscv64-gnu" "4.61.1"
    "@rollup/rollup-linux-riscv64-musl" "4.61.1"
    "@rollup/rollup-linux-s390x-gnu" "4.61.1"
    "@rollup/rollup-linux-x64-gnu" "4.61.1"
    "@rollup/rollup-linux-x64-musl" "4.61.1"
    "@rollup/rollup-openbsd-x64" "4.61.1"
    "@rollup/rollup-openharmony-arm64" "4.61.1"
    "@rollup/rollup-win32-arm64-msvc" "4.61.1"
    "@rollup/rollup-win32-ia32-msvc" "4.61.1"
    "@rollup/rollup-win32-x64-gnu" "4.61.1"
    "@rollup/rollup-win32-x64-msvc" "4.61.1"
    fsevents "~2.3.2"

source-map-js@^1.2.1:
  version "1.2.1"
  resolved "https://registry.npmjs.org/source-map-js/-/source-map-js-1.2.1.tgz"
  integrity sha512-UXWMKhLOwVKb728IUtQPXxfYU+usdybtUrK/8uGE8CQMvrhOpwvzDBwj0QhSL7MQc7vIsISBG8VQ8+IDQxpfQA==

tinyglobby@^0.2.13:
  version "0.2.17"
  resolved "https://registry.npmjs.org/tinyglobby/-/tinyglobby-0.2.17.tgz"
  integrity sha512-wXR/dYpcqKmfWpEdZjiKJOwCNFndD0DMnrW/cYjVGttEkBfVgcLFHoNrlj47mjOVic9yyNu65alsgF4NQyTa2g==
  dependencies:
    fdir "^6.5.0"
    picomatch "^4.0.4"

vite@^6.2.6:
  version "6.4.3"
  resolved "https://registry.npmjs.org/vite/-/vite-6.4.3.tgz"
  integrity sha512-NTKlcQjlAK7MlQoyb6LgaqHc8sso/pVyUJYWMws3jg21uTJw/LddqIFPcPqP6PzpgbIcZyKI85sFE4HBrQDA8A==
  dependencies:
    esbuild "^0.25.0"
    fdir "^6.4.4"
    picomatch "^4.0.2"
    postcss "^8.5.3"
    rollup "^4.34.9"
    tinyglobby "^0.2.13"
  optionalDependencies:
    fsevents "~2.3.3"
